
Microsoft Visual Studio Solution File, Format Version 12.00
# Visual Studio Version 17
VisualStudioVersion = 17.4.33403.182
MinimumVisualStudioVersion = 10.0.40219.1
Project("{FAE04EC0-301F-11D3-BF4B-00C04F79EFBC}") = "LibrarySystem", "LibrarySystem\LibrarySystem.csproj", "{CBD9737E-1884-40D6-8BB5-45B00F51DEB6}"
EndProject
Global
	GlobalSection(SolutionConfigurationPlatforms) = preSolution
		Debug|Any CPU = Debug|Any CPU
		Release|Any CPU = Release|Any CPU
	EndGlobalSection
	GlobalSection(ProjectConfigurationPlatforms) = postSolution
		{CBD9737E-1884-40D6-8BB5-45B00F51DEB6}.Debug|Any CPU.ActiveCfg = Debug|Any CPU
		{CBD9737E-1884-40D6-8BB5-45B00F51DEB6}.Debug|Any CPU.Build.0 = Debug|Any CPU
		{CBD9737E-1884-40D6-8BB5-45B00F51DEB6}.Release|Any CPU.ActiveCfg = Release|Any CPU
		{CBD9737E-1884-40D6-8BB5-45B00F51DEB6}.Release|Any CPU.Build.0 = Release|Any CPU
	EndGlobalSection
	GlobalSection(SolutionProperties) = preSolution
		HideSolutionNode = FALSE
	EndGlobalSection
	GlobalSection(ExtensibilityGlobals) = postSolution
		SolutionGuid = {CD34B120-4BF3-483B-8493-A69F02FDB852}
	EndGlobalSection
EndGlobal
